
Microsoft Visual Studio Solution File, Format Version 12.00
# Visual Studio 15
VisualStudioVersion = 15.0.28307.1622
MinimumVisualStudioVersion = 10.0.40219.1
Project("{8BC9CEB8-8B4A-11D0-8D11-00A0C91BC942}") = "HelloQt", "HelloQt\HelloQt.vcxproj", "{3A361ED1-0A17-46A3-B3FD-EC78C384DE4F}"
EndProject
Global
	GlobalSection(SolutionConfigurationPlatforms) = preSolution
		Debug|x86 = Debug|x86
		Release|x86 = Release|x86
	EndGlobalSection
	GlobalSection(ProjectConfigurationPlatforms) = postSolution
		{3A361ED1-0A17-46A3-B3FD-EC78C384DE4F}.Debug|x86.ActiveCfg = Debug|Win32
		{3A361ED1-0A17-46A3-B3FD-EC78C384DE4F}.Debug|x86.Build.0 = Debug|Win32
		{3A361ED1-0A17-46A3-B3FD-EC78C384DE4F}.Release|x86.ActiveCfg = Release|Win32
		{3A361ED1-0A17-46A3-B3FD-EC78C384DE4F}.Release|x86.Build.0 = Release|Win32
	EndGlobalSection
	GlobalSection(SolutionProperties) = preSolution
		HideSolutionNode = FALSE
	EndGlobalSection
	GlobalSection(ExtensibilityGlobals) = postSolution
		SolutionGuid = {F5F79FF6-D379-47DA-BF62-01C9F5A7D8E8}
	EndGlobalSection
EndGlobal
