
Microsoft Visual Studio Solution File, Format Version 12.00
# Visual Studio 15
VisualStudioVersion = 15.0.28307.1622
MinimumVisualStudioVersion = 10.0.40219.1
Project("{8BC9CEB8-8B4A-11D0-8D11-00A0C91BC942}") = "StudentScoreDB", "StudentScoreDB\StudentScoreDB.vcxproj", "{4CB6B4B1-3F0F-4BDC-915C-AE8298241740}"
EndProject
Global
	GlobalSection(SolutionConfigurationPlatforms) = preSolution
		Debug|x86 = Debug|x86
		Release|x86 = Release|x86
	EndGlobalSection
	GlobalSection(ProjectConfigurationPlatforms) = postSolution
		{4CB6B4B1-3F0F-4BDC-915C-AE8298241740}.Debug|x86.ActiveCfg = Debug|Win32
		{4CB6B4B1-3F0F-4BDC-915C-AE8298241740}.Debug|x86.Build.0 = Debug|Win32
		{4CB6B4B1-3F0F-4BDC-915C-AE8298241740}.Release|x86.ActiveCfg = Release|Win32
		{4CB6B4B1-3F0F-4BDC-915C-AE8298241740}.Release|x86.Build.0 = Release|Win32
	EndGlobalSection
	GlobalSection(SolutionProperties) = preSolution
		HideSolutionNode = FALSE
	EndGlobalSection
	GlobalSection(ExtensibilityGlobals) = postSolution
		SolutionGuid = {D91F0A2F-D4B2-4B85-8B05-FAB1F819BF6D}
	EndGlobalSection
EndGlobal
